PODS:
  - RxCocoa (5.1.1):
    - RxRelay (~> 5)
    - RxSwift (~> 5)
  - RxRelay (5.1.1):
    - RxSwift (~> 5)
  - RxSwift (5.1.1)
  - RxUIAlertController (1.2.0):
    - RxCocoa
    - RxSwift

DEPENDENCIES:
  - RxUIAlertController (from `../`)

SPEC REPOS:
  trunk:
    - RxCocoa
    - RxRelay
    - RxSwift

EXTERNAL SOURCES:
  RxUIAlertController:
    :path: "../"

SPEC CHECKSUMS:
  RxCocoa: 32065309a38d29b5b0db858819b5bf9ef038b601
  RxRelay: d77f7d771495f43c556cbc43eebd1bb54d01e8e9
  RxSwift: 81470a2074fa8780320ea5fe4102807cb7118178
  RxUIAlertController: 23055e6691a6c78b44b241197e6340a595644d39

PODFILE CHECKSUM: e001db0045e2931dc0163727851e37d20de11750

COCOAPODS: 1.9.3
